
Microsoft Visual Studio Solution File, Format Version 12.00
# Visual Studio 15
VisualStudioVersion = 15.0.27004.2006
MinimumVisualStudioVersion = 10.0.40219.1
Project("{FAE04EC0-301F-11D3-BF4B-00C04F79EFBC}") = "1_5", "1_5\1_5.csproj", "{E2684BB0-2A0D-4563-AFC4-53D3EF4FBC5A}"
EndProject
Project("{FAE04EC0-301F-11D3-BF4B-00C04F79EFBC}") = "1_4", "1_4\1_4.csproj", "{0A78086A-F5F3-406D-924C-B102A5B4D0D4}"
EndProject
Global
	GlobalSection(SolutionConfigurationPlatforms) = preSolution
		Debug|Any CPU = Debug|Any CPU
		Release|Any CPU = Release|Any CPU
	EndGlobalSection
	GlobalSection(ProjectConfigurationPlatforms) = postSolution
		{E2684BB0-2A0D-4563-AFC4-53D3EF4FBC5A}.Debug|Any CPU.ActiveCfg = Debug|Any CPU
		{E2684BB0-2A0D-4563-AFC4-53D3EF4FBC5A}.Debug|Any CPU.Build.0 = Debug|Any CPU
		{E2684BB0-2A0D-4563-AFC4-53D3EF4FBC5A}.Release|Any CPU.ActiveCfg = Release|Any CPU
		{E2684BB0-2A0D-4563-AFC4-53D3EF4FBC5A}.Release|Any CPU.Build.0 = Release|Any CPU
		{0A78086A-F5F3-406D-924C-B102A5B4D0D4}.Debug|Any CPU.ActiveCfg = Debug|Any CPU
		{0A78086A-F5F3-406D-924C-B102A5B4D0D4}.Debug|Any CPU.Build.0 = Debug|Any CPU
		{0A78086A-F5F3-406D-924C-B102A5B4D0D4}.Release|Any CPU.ActiveCfg = Release|Any CPU
		{0A78086A-F5F3-406D-924C-B102A5B4D0D4}.Release|Any CPU.Build.0 = Release|Any CPU
	EndGlobalSection
	GlobalSection(SolutionProperties) = preSolution
		HideSolutionNode = FALSE
	EndGlobalSection
	GlobalSection(ExtensibilityGlobals) = postSolution
		SolutionGuid = {CC9204C6-AE11-4AEC-B73D-9D40CF738318}
	EndGlobalSection
EndGlobal
